
Microsoft Visual Studio Solution File, Format Version 11.00
# Visual Studio 2010
Project("{FAE04EC0-301F-11D3-BF4B-00C04F79EFBC}") = "BelhardTraining.Collections", "BelhardTraining.Collections\BelhardTraining.Collections.csproj", "{6CA29C5F-EF71-4D2F-A7C5-020E15C463EE}"
EndProject
Project("{FAE04EC0-301F-11D3-BF4B-00C04F79EFBC}") = "BelhardTraining.Collections.Tests", "BelhardTraining.Collections.Tests\BelhardTraining.Collections.Tests.csproj", "{BEE78827-BADE-4519-903B-105C17F6F461}"
EndProject
Global
	GlobalSection(SolutionConfigurationPlatforms) = preSolution
		Debug|Any CPU = Debug|Any CPU
		Release|Any CPU = Release|Any CPU
	EndGlobalSection
	GlobalSection(ProjectConfigurationPlatforms) = postSolution
		{6CA29C5F-EF71-4D2F-A7C5-020E15C463EE}.Debug|Any CPU.ActiveCfg = Debug|Any CPU
		{6CA29C5F-EF71-4D2F-A7C5-020E15C463EE}.Debug|Any CPU.Build.0 = Debug|Any CPU
		{6CA29C5F-EF71-4D2F-A7C5-020E15C463EE}.Release|Any CPU.ActiveCfg = Release|Any CPU
		{6CA29C5F-EF71-4D2F-A7C5-020E15C463EE}.Release|Any CPU.Build.0 = Release|Any CPU
		{BEE78827-BADE-4519-903B-105C17F6F461}.Debug|Any CPU.ActiveCfg = Debug|Any CPU
		{BEE78827-BADE-4519-903B-105C17F6F461}.Debug|Any CPU.Build.0 = Debug|Any CPU
		{BEE78827-BADE-4519-903B-105C17F6F461}.Release|Any CPU.ActiveCfg = Release|Any CPU
		{BEE78827-BADE-4519-903B-105C17F6F461}.Release|Any CPU.Build.0 = Release|Any CPU
	EndGlobalSection
	GlobalSection(SolutionProperties) = preSolution
		HideSolutionNode = FALSE
	EndGlobalSection
EndGlobal
