
Microsoft Visual Studio Solution File, Format Version 11.00
# Visual Studio 2010
Project("{FAE04EC0-301F-11D3-BF4B-00C04F79EFBC}") = "PathLimits", "PathLimits\PathLimits.csproj", "{5117506D-2101-4E1A-AA8C-BF8DD0685340}"
EndProject
Project("{FAE04EC0-301F-11D3-BF4B-00C04F79EFBC}") = "Serialization", "Serialization\Serialization.csproj", "{FF99A6C4-41FB-4ECE-AB4E-21DC6439071A}"
EndProject
Project("{FAE04EC0-301F-11D3-BF4B-00C04F79EFBC}") = "Compression", "Compression\Compression.csproj", "{EB115803-4927-43F4-9F63-57159C210DA4}"
EndProject
Project("{FAE04EC0-301F-11D3-BF4B-00C04F79EFBC}") = "FileMetadataViewer", "FileMetadataViewer\FileMetadataViewer.csproj", "{2EDC1429-2D06-453F-AAB1-7E95C10A75A1}"
EndProject
Project("{FAE04EC0-301F-11D3-BF4B-00C04F79EFBC}") = "DrivesFoldersFiles", "DrivesFoldersFiles\DrivesFoldersFiles.csproj", "{9FA5762E-940C-42B2-862F-5A7443EC63C3}"
EndProject
Project("{FAE04EC0-301F-11D3-BF4B-00C04F79EFBC}") = "StreamAdapters", "StreamAdapters\StreamAdapters.csproj", "{7C760C2F-9C2E-4547-8AD7-2B44A2A8386B}"
EndProject
Project("{F088123C-0E9E-452A-89E6-6BA2F21D5CAC}") = "UmlDiagrams", "UmlDiagrams\UMLDiagrams.modelproj", "{8612C096-4DE7-4726-883E-60169EE61D34}"
EndProject
Global
	GlobalSection(SolutionConfigurationPlatforms) = preSolution
		Debug|Any CPU = Debug|Any CPU
		Debug|Mixed Platforms = Debug|Mixed Platforms
		Debug|x86 = Debug|x86
		Release|Any CPU = Release|Any CPU
		Release|Mixed Platforms = Release|Mixed Platforms
		Release|x86 = Release|x86
	EndGlobalSection
	GlobalSection(ProjectConfigurationPlatforms) = postSolution
		{5117506D-2101-4E1A-AA8C-BF8DD0685340}.Debug|Any CPU.ActiveCfg = Debug|x86
		{5117506D-2101-4E1A-AA8C-BF8DD0685340}.Debug|Mixed Platforms.ActiveCfg = Debug|x86
		{5117506D-2101-4E1A-AA8C-BF8DD0685340}.Debug|Mixed Platforms.Build.0 = Debug|x86
		{5117506D-2101-4E1A-AA8C-BF8DD0685340}.Debug|x86.ActiveCfg = Debug|x86
		{5117506D-2101-4E1A-AA8C-BF8DD0685340}.Debug|x86.Build.0 = Debug|x86
		{5117506D-2101-4E1A-AA8C-BF8DD0685340}.Release|Any CPU.ActiveCfg = Release|x86
		{5117506D-2101-4E1A-AA8C-BF8DD0685340}.Release|Mixed Platforms.ActiveCfg = Release|x86
		{5117506D-2101-4E1A-AA8C-BF8DD0685340}.Release|Mixed Platforms.Build.0 = Release|x86
		{5117506D-2101-4E1A-AA8C-BF8DD0685340}.Release|x86.ActiveCfg = Release|x86
		{5117506D-2101-4E1A-AA8C-BF8DD0685340}.Release|x86.Build.0 = Release|x86
		{FF99A6C4-41FB-4ECE-AB4E-21DC6439071A}.Debug|Any CPU.ActiveCfg = Debug|x86
		{FF99A6C4-41FB-4ECE-AB4E-21DC6439071A}.Debug|Mixed Platforms.ActiveCfg = Debug|x86
		{FF99A6C4-41FB-4ECE-AB4E-21DC6439071A}.Debug|Mixed Platforms.Build.0 = Debug|x86
		{FF99A6C4-41FB-4ECE-AB4E-21DC6439071A}.Debug|x86.ActiveCfg = Debug|x86
		{FF99A6C4-41FB-4ECE-AB4E-21DC6439071A}.Debug|x86.Build.0 = Debug|x86
		{FF99A6C4-41FB-4ECE-AB4E-21DC6439071A}.Release|Any CPU.ActiveCfg = Release|x86
		{FF99A6C4-41FB-4ECE-AB4E-21DC6439071A}.Release|Mixed Platforms.ActiveCfg = Release|x86
		{FF99A6C4-41FB-4ECE-AB4E-21DC6439071A}.Release|Mixed Platforms.Build.0 = Release|x86
		{FF99A6C4-41FB-4ECE-AB4E-21DC6439071A}.Release|x86.ActiveCfg = Release|x86
		{FF99A6C4-41FB-4ECE-AB4E-21DC6439071A}.Release|x86.Build.0 = Release|x86
		{EB115803-4927-43F4-9F63-57159C210DA4}.Debug|Any CPU.ActiveCfg = Debug|x86
		{EB115803-4927-43F4-9F63-57159C210DA4}.Debug|Mixed Platforms.ActiveCfg = Debug|x86
		{EB115803-4927-43F4-9F63-57159C210DA4}.Debug|Mixed Platforms.Build.0 = Debug|x86
		{EB115803-4927-43F4-9F63-57159C210DA4}.Debug|x86.ActiveCfg = Debug|x86
		{EB115803-4927-43F4-9F63-57159C210DA4}.Debug|x86.Build.0 = Debug|x86
		{EB115803-4927-43F4-9F63-57159C210DA4}.Release|Any CPU.ActiveCfg = Release|x86
		{EB115803-4927-43F4-9F63-57159C210DA4}.Release|Mixed Platforms.ActiveCfg = Release|x86
		{EB115803-4927-43F4-9F63-57159C210DA4}.Release|Mixed Platforms.Build.0 = Release|x86
		{EB115803-4927-43F4-9F63-57159C210DA4}.Release|x86.ActiveCfg = Release|x86
		{EB115803-4927-43F4-9F63-57159C210DA4}.Release|x86.Build.0 = Release|x86
		{2EDC1429-2D06-453F-AAB1-7E95C10A75A1}.Debug|Any CPU.ActiveCfg = Debug|x86
		{2EDC1429-2D06-453F-AAB1-7E95C10A75A1}.Debug|Mixed Platforms.ActiveCfg = Debug|x86
		{2EDC1429-2D06-453F-AAB1-7E95C10A75A1}.Debug|Mixed Platforms.Build.0 = Debug|x86
		{2EDC1429-2D06-453F-AAB1-7E95C10A75A1}.Debug|x86.ActiveCfg = Debug|x86
		{2EDC1429-2D06-453F-AAB1-7E95C10A75A1}.Debug|x86.Build.0 = Debug|x86
		{2EDC1429-2D06-453F-AAB1-7E95C10A75A1}.Release|Any CPU.ActiveCfg = Release|x86
		{2EDC1429-2D06-453F-AAB1-7E95C10A75A1}.Release|Mixed Platforms.ActiveCfg = Release|x86
		{2EDC1429-2D06-453F-AAB1-7E95C10A75A1}.Release|Mixed Platforms.Build.0 = Release|x86
		{2EDC1429-2D06-453F-AAB1-7E95C10A75A1}.Release|x86.ActiveCfg = Release|x86
		{2EDC1429-2D06-453F-AAB1-7E95C10A75A1}.Release|x86.Build.0 = Release|x86
		{9FA5762E-940C-42B2-862F-5A7443EC63C3}.Debug|Any CPU.ActiveCfg = Debug|x86
		{9FA5762E-940C-42B2-862F-5A7443EC63C3}.Debug|Mixed Platforms.ActiveCfg = Debug|x86
		{9FA5762E-940C-42B2-862F-5A7443EC63C3}.Debug|Mixed Platforms.Build.0 = Debug|x86
		{9FA5762E-940C-42B2-862F-5A7443EC63C3}.Debug|x86.ActiveCfg = Debug|x86
		{9FA5762E-940C-42B2-862F-5A7443EC63C3}.Debug|x86.Build.0 = Debug|x86
		{9FA5762E-940C-42B2-862F-5A7443EC63C3}.Release|Any CPU.ActiveCfg = Release|x86
		{9FA5762E-940C-42B2-862F-5A7443EC63C3}.Release|Mixed Platforms.ActiveCfg = Release|x86
		{9FA5762E-940C-42B2-862F-5A7443EC63C3}.Release|Mixed Platforms.Build.0 = Release|x86
		{9FA5762E-940C-42B2-862F-5A7443EC63C3}.Release|x86.ActiveCfg = Release|x86
		{9FA5762E-940C-42B2-862F-5A7443EC63C3}.Release|x86.Build.0 = Release|x86
		{7C760C2F-9C2E-4547-8AD7-2B44A2A8386B}.Debug|Any CPU.ActiveCfg = Debug|x86
		{7C760C2F-9C2E-4547-8AD7-2B44A2A8386B}.Debug|Mixed Platforms.ActiveCfg = Debug|x86
		{7C760C2F-9C2E-4547-8AD7-2B44A2A8386B}.Debug|Mixed Platforms.Build.0 = Debug|x86
		{7C760C2F-9C2E-4547-8AD7-2B44A2A8386B}.Debug|x86.ActiveCfg = Debug|x86
		{7C760C2F-9C2E-4547-8AD7-2B44A2A8386B}.Debug|x86.Build.0 = Debug|x86
		{7C760C2F-9C2E-4547-8AD7-2B44A2A8386B}.Release|Any CPU.ActiveCfg = Release|x86
		{7C760C2F-9C2E-4547-8AD7-2B44A2A8386B}.Release|Mixed Platforms.ActiveCfg = Release|x86
		{7C760C2F-9C2E-4547-8AD7-2B44A2A8386B}.Release|Mixed Platforms.Build.0 = Release|x86
		{7C760C2F-9C2E-4547-8AD7-2B44A2A8386B}.Release|x86.ActiveCfg = Release|x86
		{7C760C2F-9C2E-4547-8AD7-2B44A2A8386B}.Release|x86.Build.0 = Release|x86
		{8612C096-4DE7-4726-883E-60169EE61D34}.Debug|Any CPU.ActiveCfg = Debug|Any CPU
		{8612C096-4DE7-4726-883E-60169EE61D34}.Debug|Any CPU.Build.0 = Debug|Any CPU
		{8612C096-4DE7-4726-883E-60169EE61D34}.Debug|Mixed Platforms.ActiveCfg = Debug|Any CPU
		{8612C096-4DE7-4726-883E-60169EE61D34}.Debug|Mixed Platforms.Build.0 = Debug|Any CPU
		{8612C096-4DE7-4726-883E-60169EE61D34}.Debug|x86.ActiveCfg = Debug|Any CPU
		{8612C096-4DE7-4726-883E-60169EE61D34}.Release|Any CPU.ActiveCfg = Release|Any CPU
		{8612C096-4DE7-4726-883E-60169EE61D34}.Release|Any CPU.Build.0 = Release|Any CPU
		{8612C096-4DE7-4726-883E-60169EE61D34}.Release|Mixed Platforms.ActiveCfg = Release|Any CPU
		{8612C096-4DE7-4726-883E-60169EE61D34}.Release|Mixed Platforms.Build.0 = Release|Any CPU
		{8612C096-4DE7-4726-883E-60169EE61D34}.Release|x86.ActiveCfg = Release|Any CPU
	EndGlobalSection
	GlobalSection(SolutionProperties) = preSolution
		HideSolutionNode = FALSE
	EndGlobalSection
EndGlobal
