
Microsoft Visual Studio Solution File, Format Version 11.00
# Visual Studio 2010
Project("{FAE04EC0-301F-11D3-BF4B-00C04F79EFBC}") = "ConsoleDemo", "ConsoleDemo\ConsoleDemo.csproj", "{7EEA38A2-B545-497D-BE40-A01DF712FFC4}"
EndProject
Project("{FAE04EC0-301F-11D3-BF4B-00C04F79EFBC}") = "BelhardTraining.Extensions", "BelhardTraining.Extensions\BelhardTraining.Extensions.csproj", "{A318D52D-4A0F-45FF-BF9C-7B3203263F1E}"
EndProject
Global
	GlobalSection(SolutionConfigurationPlatforms) = preSolution
		Debug|Any CPU = Debug|Any CPU
		Debug|Mixed Platforms = Debug|Mixed Platforms
		Debug|x86 = Debug|x86
		Release|Any CPU = Release|Any CPU
		Release|Mixed Platforms = Release|Mixed Platforms
		Release|x86 = Release|x86
	EndGlobalSection
	GlobalSection(ProjectConfigurationPlatforms) = postSolution
		{7EEA38A2-B545-497D-BE40-A01DF712FFC4}.Debug|Any CPU.ActiveCfg = Debug|x86
		{7EEA38A2-B545-497D-BE40-A01DF712FFC4}.Debug|Mixed Platforms.ActiveCfg = Debug|x86
		{7EEA38A2-B545-497D-BE40-A01DF712FFC4}.Debug|Mixed Platforms.Build.0 = Debug|x86
		{7EEA38A2-B545-497D-BE40-A01DF712FFC4}.Debug|x86.ActiveCfg = Debug|x86
		{7EEA38A2-B545-497D-BE40-A01DF712FFC4}.Debug|x86.Build.0 = Debug|x86
		{7EEA38A2-B545-497D-BE40-A01DF712FFC4}.Release|Any CPU.ActiveCfg = Release|x86
		{7EEA38A2-B545-497D-BE40-A01DF712FFC4}.Release|Mixed Platforms.ActiveCfg = Release|x86
		{7EEA38A2-B545-497D-BE40-A01DF712FFC4}.Release|Mixed Platforms.Build.0 = Release|x86
		{7EEA38A2-B545-497D-BE40-A01DF712FFC4}.Release|x86.ActiveCfg = Release|x86
		{7EEA38A2-B545-497D-BE40-A01DF712FFC4}.Release|x86.Build.0 = Release|x86
		{A318D52D-4A0F-45FF-BF9C-7B3203263F1E}.Debug|Any CPU.ActiveCfg = Debug|Any CPU
		{A318D52D-4A0F-45FF-BF9C-7B3203263F1E}.Debug|Any CPU.Build.0 = Debug|Any CPU
		{A318D52D-4A0F-45FF-BF9C-7B3203263F1E}.Debug|Mixed Platforms.ActiveCfg = Debug|Any CPU
		{A318D52D-4A0F-45FF-BF9C-7B3203263F1E}.Debug|Mixed Platforms.Build.0 = Debug|Any CPU
		{A318D52D-4A0F-45FF-BF9C-7B3203263F1E}.Debug|x86.ActiveCfg = Debug|Any CPU
		{A318D52D-4A0F-45FF-BF9C-7B3203263F1E}.Release|Any CPU.ActiveCfg = Release|Any CPU
		{A318D52D-4A0F-45FF-BF9C-7B3203263F1E}.Release|Any CPU.Build.0 = Release|Any CPU
		{A318D52D-4A0F-45FF-BF9C-7B3203263F1E}.Release|Mixed Platforms.ActiveCfg = Release|Any CPU
		{A318D52D-4A0F-45FF-BF9C-7B3203263F1E}.Release|Mixed Platforms.Build.0 = Release|Any CPU
		{A318D52D-4A0F-45FF-BF9C-7B3203263F1E}.Release|x86.ActiveCfg = Release|Any CPU
	EndGlobalSection
	GlobalSection(SolutionProperties) = preSolution
		HideSolutionNode = FALSE
	EndGlobalSection
EndGlobal
