
Microsoft Visual Studio Solution File, Format Version 11.00
# Visual Studio 2010
Project("{FAE04EC0-301F-11D3-BF4B-00C04F79EFBC}") = "CultureExplorer.WinForms", "CultureExplorer.WinForms\CultureExplorer.WinForms.csproj", "{C46C8F54-D02E-441D-925B-D31F4C7E92FB}"
EndProject
Global
	GlobalSection(SolutionConfigurationPlatforms) = preSolution
		Debug|Any CPU = Debug|Any CPU
		Release|Any CPU = Release|Any CPU
	EndGlobalSection
	GlobalSection(ProjectConfigurationPlatforms) = postSolution
		{C46C8F54-D02E-441D-925B-D31F4C7E92FB}.Debug|Any CPU.ActiveCfg = Debug|Any CPU
		{C46C8F54-D02E-441D-925B-D31F4C7E92FB}.Debug|Any CPU.Build.0 = Debug|Any CPU
		{C46C8F54-D02E-441D-925B-D31F4C7E92FB}.Release|Any CPU.ActiveCfg = Release|Any CPU
		{C46C8F54-D02E-441D-925B-D31F4C7E92FB}.Release|Any CPU.Build.0 = Release|Any CPU
	EndGlobalSection
	GlobalSection(SolutionProperties) = preSolution
		HideSolutionNode = FALSE
	EndGlobalSection
EndGlobal
