
Microsoft Visual Studio Solution File, Format Version 11.00
# Visual Studio 2010
Project("{FAE04EC0-301F-11D3-BF4B-00C04F79EFBC}") = "wpf-ObservableObject", "wpf-ObservableObject\wpf-ObservableObject.csproj", "{187FE550-7DC9-4896-AA73-6DF8BFEEB6FC}"
EndProject
Project("{2150E333-8FDC-42A3-9474-1A3956D46DE8}") = "Solution Items", "Solution Items", "{FC82CE3B-D040-4B3C-B622-5D0C7F2D6F5E}"
EndProject
Global
	GlobalSection(SolutionConfigurationPlatforms) = preSolution
		Debug|Any CPU = Debug|Any CPU
		Release|Any CPU = Release|Any CPU
	EndGlobalSection
	GlobalSection(ProjectConfigurationPlatforms) = postSolution
		{187FE550-7DC9-4896-AA73-6DF8BFEEB6FC}.Debug|Any CPU.ActiveCfg = Debug|Any CPU
		{187FE550-7DC9-4896-AA73-6DF8BFEEB6FC}.Debug|Any CPU.Build.0 = Debug|Any CPU
		{187FE550-7DC9-4896-AA73-6DF8BFEEB6FC}.Release|Any CPU.ActiveCfg = Release|Any CPU
		{187FE550-7DC9-4896-AA73-6DF8BFEEB6FC}.Release|Any CPU.Build.0 = Release|Any CPU
	EndGlobalSection
	GlobalSection(SolutionProperties) = preSolution
		HideSolutionNode = FALSE
	EndGlobalSection
EndGlobal
