
Microsoft Visual Studio Solution File, Format Version 11.00
# Visual Studio 2010
Project("{FAE04EC0-301F-11D3-BF4B-00C04F79EFBC}") = "ThreadsDemo-01.Msg", "ThreadsDemo-01\ThreadsDemo-01.Msg.csproj", "{2C32638B-ED84-47EA-BFA3-9B77BE59BFB6}"
EndProject
Project("{FAE04EC0-301F-11D3-BF4B-00C04F79EFBC}") = "ThreadsDemo-02.Invoke", "ThreadsDemo-02\ThreadsDemo-02.Invoke.csproj", "{81DB31B0-1433-402A-BF6D-397F21EAF57D}"
EndProject
Project("{FAE04EC0-301F-11D3-BF4B-00C04F79EFBC}") = "ThreadsDemo-03.ActionQueue", "ThreadsDemo-03\ThreadsDemo-03.ActionQueue.csproj", "{2C9442A4-4888-45BF-A91B-798540F5EA25}"
EndProject
Project("{FAE04EC0-301F-11D3-BF4B-00C04F79EFBC}") = "ThreadsDemo-04.BackgroundWorker", "ThreadsDemo-04.BackgroundWorker\ThreadsDemo-04.BackgroundWorker.csproj", "{99226B9F-0696-4E1D-B89B-31E2C61DCACB}"
EndProject
Project("{FAE04EC0-301F-11D3-BF4B-00C04F79EFBC}") = "ThreadsDemo-05.EAP", "ThreadsDemo-05.EAP\ThreadsDemo-05.EAP.csproj", "{A494B56B-B501-45DB-B9CC-78874A9CA498}"
EndProject
Global
	GlobalSection(SolutionConfigurationPlatforms) = preSolution
		Debug|Any CPU = Debug|Any CPU
		Debug|Mixed Platforms = Debug|Mixed Platforms
		Debug|x86 = Debug|x86
		Release|Any CPU = Release|Any CPU
		Release|Mixed Platforms = Release|Mixed Platforms
		Release|x86 = Release|x86
	EndGlobalSection
	GlobalSection(ProjectConfigurationPlatforms) = postSolution
		{2C32638B-ED84-47EA-BFA3-9B77BE59BFB6}.Debug|Any CPU.ActiveCfg = Debug|x86
		{2C32638B-ED84-47EA-BFA3-9B77BE59BFB6}.Debug|Mixed Platforms.ActiveCfg = Debug|x86
		{2C32638B-ED84-47EA-BFA3-9B77BE59BFB6}.Debug|Mixed Platforms.Build.0 = Debug|x86
		{2C32638B-ED84-47EA-BFA3-9B77BE59BFB6}.Debug|x86.ActiveCfg = Debug|x86
		{2C32638B-ED84-47EA-BFA3-9B77BE59BFB6}.Debug|x86.Build.0 = Debug|x86
		{2C32638B-ED84-47EA-BFA3-9B77BE59BFB6}.Release|Any CPU.ActiveCfg = Release|x86
		{2C32638B-ED84-47EA-BFA3-9B77BE59BFB6}.Release|Mixed Platforms.ActiveCfg = Release|x86
		{2C32638B-ED84-47EA-BFA3-9B77BE59BFB6}.Release|Mixed Platforms.Build.0 = Release|x86
		{2C32638B-ED84-47EA-BFA3-9B77BE59BFB6}.Release|x86.ActiveCfg = Release|x86
		{2C32638B-ED84-47EA-BFA3-9B77BE59BFB6}.Release|x86.Build.0 = Release|x86
		{81DB31B0-1433-402A-BF6D-397F21EAF57D}.Debug|Any CPU.ActiveCfg = Debug|Any CPU
		{81DB31B0-1433-402A-BF6D-397F21EAF57D}.Debug|Any CPU.Build.0 = Debug|Any CPU
		{81DB31B0-1433-402A-BF6D-397F21EAF57D}.Debug|Mixed Platforms.ActiveCfg = Debug|Any CPU
		{81DB31B0-1433-402A-BF6D-397F21EAF57D}.Debug|Mixed Platforms.Build.0 = Debug|Any CPU
		{81DB31B0-1433-402A-BF6D-397F21EAF57D}.Debug|x86.ActiveCfg = Debug|Any CPU
		{81DB31B0-1433-402A-BF6D-397F21EAF57D}.Release|Any CPU.ActiveCfg = Release|Any CPU
		{81DB31B0-1433-402A-BF6D-397F21EAF57D}.Release|Any CPU.Build.0 = Release|Any CPU
		{81DB31B0-1433-402A-BF6D-397F21EAF57D}.Release|Mixed Platforms.ActiveCfg = Release|Any CPU
		{81DB31B0-1433-402A-BF6D-397F21EAF57D}.Release|Mixed Platforms.Build.0 = Release|Any CPU
		{81DB31B0-1433-402A-BF6D-397F21EAF57D}.Release|x86.ActiveCfg = Release|Any CPU
		{2C9442A4-4888-45BF-A91B-798540F5EA25}.Debug|Any CPU.ActiveCfg = Debug|Any CPU
		{2C9442A4-4888-45BF-A91B-798540F5EA25}.Debug|Any CPU.Build.0 = Debug|Any CPU
		{2C9442A4-4888-45BF-A91B-798540F5EA25}.Debug|Mixed Platforms.ActiveCfg = Debug|Any CPU
		{2C9442A4-4888-45BF-A91B-798540F5EA25}.Debug|Mixed Platforms.Build.0 = Debug|Any CPU
		{2C9442A4-4888-45BF-A91B-798540F5EA25}.Debug|x86.ActiveCfg = Debug|Any CPU
		{2C9442A4-4888-45BF-A91B-798540F5EA25}.Release|Any CPU.ActiveCfg = Release|Any CPU
		{2C9442A4-4888-45BF-A91B-798540F5EA25}.Release|Any CPU.Build.0 = Release|Any CPU
		{2C9442A4-4888-45BF-A91B-798540F5EA25}.Release|Mixed Platforms.ActiveCfg = Release|Any CPU
		{2C9442A4-4888-45BF-A91B-798540F5EA25}.Release|Mixed Platforms.Build.0 = Release|Any CPU
		{2C9442A4-4888-45BF-A91B-798540F5EA25}.Release|x86.ActiveCfg = Release|Any CPU
		{99226B9F-0696-4E1D-B89B-31E2C61DCACB}.Debug|Any CPU.ActiveCfg = Debug|x86
		{99226B9F-0696-4E1D-B89B-31E2C61DCACB}.Debug|Mixed Platforms.ActiveCfg = Debug|x86
		{99226B9F-0696-4E1D-B89B-31E2C61DCACB}.Debug|Mixed Platforms.Build.0 = Debug|x86
		{99226B9F-0696-4E1D-B89B-31E2C61DCACB}.Debug|x86.ActiveCfg = Debug|x86
		{99226B9F-0696-4E1D-B89B-31E2C61DCACB}.Debug|x86.Build.0 = Debug|x86
		{99226B9F-0696-4E1D-B89B-31E2C61DCACB}.Release|Any CPU.ActiveCfg = Release|x86
		{99226B9F-0696-4E1D-B89B-31E2C61DCACB}.Release|Mixed Platforms.ActiveCfg = Release|x86
		{99226B9F-0696-4E1D-B89B-31E2C61DCACB}.Release|Mixed Platforms.Build.0 = Release|x86
		{99226B9F-0696-4E1D-B89B-31E2C61DCACB}.Release|x86.ActiveCfg = Release|x86
		{99226B9F-0696-4E1D-B89B-31E2C61DCACB}.Release|x86.Build.0 = Release|x86
		{A494B56B-B501-45DB-B9CC-78874A9CA498}.Debug|Any CPU.ActiveCfg = Debug|x86
		{A494B56B-B501-45DB-B9CC-78874A9CA498}.Debug|Mixed Platforms.ActiveCfg = Debug|x86
		{A494B56B-B501-45DB-B9CC-78874A9CA498}.Debug|Mixed Platforms.Build.0 = Debug|x86
		{A494B56B-B501-45DB-B9CC-78874A9CA498}.Debug|x86.ActiveCfg = Debug|x86
		{A494B56B-B501-45DB-B9CC-78874A9CA498}.Debug|x86.Build.0 = Debug|x86
		{A494B56B-B501-45DB-B9CC-78874A9CA498}.Release|Any CPU.ActiveCfg = Release|x86
		{A494B56B-B501-45DB-B9CC-78874A9CA498}.Release|Mixed Platforms.ActiveCfg = Release|x86
		{A494B56B-B501-45DB-B9CC-78874A9CA498}.Release|Mixed Platforms.Build.0 = Release|x86
		{A494B56B-B501-45DB-B9CC-78874A9CA498}.Release|x86.ActiveCfg = Release|x86
		{A494B56B-B501-45DB-B9CC-78874A9CA498}.Release|x86.Build.0 = Release|x86
	EndGlobalSection
	GlobalSection(SolutionProperties) = preSolution
		HideSolutionNode = FALSE
	EndGlobalSection
EndGlobal
