
Microsoft Visual Studio Solution File, Format Version 11.00
# Visual Studio 2010
Project("{FAE04EC0-301F-11D3-BF4B-00C04F79EFBC}") = "01-Point2D-Function", "01-Point2D-Function\01-Point2D-Function.csproj", "{A0B74242-1A1F-4211-B2F2-4932FF55867A}"
EndProject
Project("{FAE04EC0-301F-11D3-BF4B-00C04F79EFBC}") = "02-Point2D-FieldsAndProperties", "02-Point2D-FieldsAndProperties\02-Point2D-FieldsAndProperties.csproj", "{5709EFC3-97AD-41F4-8912-657F4DA845FB}"
EndProject
Project("{FAE04EC0-301F-11D3-BF4B-00C04F79EFBC}") = "03-Point2D-And-Rectangle", "03-Point2D-And-Rectangle\03-Point2D-And-Rectangle.csproj", "{C3774FCE-1F94-428C-9598-636C423B02DE}"
EndProject
Project("{FAE04EC0-301F-11D3-BF4B-00C04F79EFBC}") = "04-Planet", "04-Planet\04-Planet.csproj", "{4E17DAEA-72DC-43B5-B2FB-D247D39C4821}"
EndProject
Project("{FAE04EC0-301F-11D3-BF4B-00C04F79EFBC}") = "04-Point2D-Constructor", "04-Point2D-Constructor\04-Point2D-Constructor.csproj", "{87C988B6-4639-4943-BB84-16C292BBA242}"
EndProject
Global
	GlobalSection(SolutionConfigurationPlatforms) = preSolution
		Debug|Any CPU = Debug|Any CPU
		Debug|Mixed Platforms = Debug|Mixed Platforms
		Debug|x86 = Debug|x86
		Release|Any CPU = Release|Any CPU
		Release|Mixed Platforms = Release|Mixed Platforms
		Release|x86 = Release|x86
	EndGlobalSection
	GlobalSection(ProjectConfigurationPlatforms) = postSolution
		{A0B74242-1A1F-4211-B2F2-4932FF55867A}.Debug|Any CPU.ActiveCfg = Debug|x86
		{A0B74242-1A1F-4211-B2F2-4932FF55867A}.Debug|Mixed Platforms.ActiveCfg = Debug|x86
		{A0B74242-1A1F-4211-B2F2-4932FF55867A}.Debug|Mixed Platforms.Build.0 = Debug|x86
		{A0B74242-1A1F-4211-B2F2-4932FF55867A}.Debug|x86.ActiveCfg = Debug|x86
		{A0B74242-1A1F-4211-B2F2-4932FF55867A}.Debug|x86.Build.0 = Debug|x86
		{A0B74242-1A1F-4211-B2F2-4932FF55867A}.Release|Any CPU.ActiveCfg = Release|x86
		{A0B74242-1A1F-4211-B2F2-4932FF55867A}.Release|Mixed Platforms.ActiveCfg = Release|x86
		{A0B74242-1A1F-4211-B2F2-4932FF55867A}.Release|Mixed Platforms.Build.0 = Release|x86
		{A0B74242-1A1F-4211-B2F2-4932FF55867A}.Release|x86.ActiveCfg = Release|x86
		{A0B74242-1A1F-4211-B2F2-4932FF55867A}.Release|x86.Build.0 = Release|x86
		{5709EFC3-97AD-41F4-8912-657F4DA845FB}.Debug|Any CPU.ActiveCfg = Debug|x86
		{5709EFC3-97AD-41F4-8912-657F4DA845FB}.Debug|Mixed Platforms.ActiveCfg = Debug|x86
		{5709EFC3-97AD-41F4-8912-657F4DA845FB}.Debug|Mixed Platforms.Build.0 = Debug|x86
		{5709EFC3-97AD-41F4-8912-657F4DA845FB}.Debug|x86.ActiveCfg = Debug|x86
		{5709EFC3-97AD-41F4-8912-657F4DA845FB}.Debug|x86.Build.0 = Debug|x86
		{5709EFC3-97AD-41F4-8912-657F4DA845FB}.Release|Any CPU.ActiveCfg = Release|x86
		{5709EFC3-97AD-41F4-8912-657F4DA845FB}.Release|Mixed Platforms.ActiveCfg = Release|x86
		{5709EFC3-97AD-41F4-8912-657F4DA845FB}.Release|Mixed Platforms.Build.0 = Release|x86
		{5709EFC3-97AD-41F4-8912-657F4DA845FB}.Release|x86.ActiveCfg = Release|x86
		{5709EFC3-97AD-41F4-8912-657F4DA845FB}.Release|x86.Build.0 = Release|x86
		{C3774FCE-1F94-428C-9598-636C423B02DE}.Debug|Any CPU.ActiveCfg = Debug|x86
		{C3774FCE-1F94-428C-9598-636C423B02DE}.Debug|Mixed Platforms.ActiveCfg = Debug|x86
		{C3774FCE-1F94-428C-9598-636C423B02DE}.Debug|Mixed Platforms.Build.0 = Debug|x86
		{C3774FCE-1F94-428C-9598-636C423B02DE}.Debug|x86.ActiveCfg = Debug|x86
		{C3774FCE-1F94-428C-9598-636C423B02DE}.Debug|x86.Build.0 = Debug|x86
		{C3774FCE-1F94-428C-9598-636C423B02DE}.Release|Any CPU.ActiveCfg = Release|x86
		{C3774FCE-1F94-428C-9598-636C423B02DE}.Release|Mixed Platforms.ActiveCfg = Release|x86
		{C3774FCE-1F94-428C-9598-636C423B02DE}.Release|Mixed Platforms.Build.0 = Release|x86
		{C3774FCE-1F94-428C-9598-636C423B02DE}.Release|x86.ActiveCfg = Release|x86
		{C3774FCE-1F94-428C-9598-636C423B02DE}.Release|x86.Build.0 = Release|x86
		{4E17DAEA-72DC-43B5-B2FB-D247D39C4821}.Debug|Any CPU.ActiveCfg = Debug|x86
		{4E17DAEA-72DC-43B5-B2FB-D247D39C4821}.Debug|Mixed Platforms.ActiveCfg = Debug|x86
		{4E17DAEA-72DC-43B5-B2FB-D247D39C4821}.Debug|Mixed Platforms.Build.0 = Debug|x86
		{4E17DAEA-72DC-43B5-B2FB-D247D39C4821}.Debug|x86.ActiveCfg = Debug|x86
		{4E17DAEA-72DC-43B5-B2FB-D247D39C4821}.Debug|x86.Build.0 = Debug|x86
		{4E17DAEA-72DC-43B5-B2FB-D247D39C4821}.Release|Any CPU.ActiveCfg = Release|x86
		{4E17DAEA-72DC-43B5-B2FB-D247D39C4821}.Release|Mixed Platforms.ActiveCfg = Release|x86
		{4E17DAEA-72DC-43B5-B2FB-D247D39C4821}.Release|Mixed Platforms.Build.0 = Release|x86
		{4E17DAEA-72DC-43B5-B2FB-D247D39C4821}.Release|x86.ActiveCfg = Release|x86
		{4E17DAEA-72DC-43B5-B2FB-D247D39C4821}.Release|x86.Build.0 = Release|x86
		{87C988B6-4639-4943-BB84-16C292BBA242}.Debug|Any CPU.ActiveCfg = Debug|x86
		{87C988B6-4639-4943-BB84-16C292BBA242}.Debug|Mixed Platforms.ActiveCfg = Debug|x86
		{87C988B6-4639-4943-BB84-16C292BBA242}.Debug|Mixed Platforms.Build.0 = Debug|x86
		{87C988B6-4639-4943-BB84-16C292BBA242}.Debug|x86.ActiveCfg = Debug|x86
		{87C988B6-4639-4943-BB84-16C292BBA242}.Debug|x86.Build.0 = Debug|x86
		{87C988B6-4639-4943-BB84-16C292BBA242}.Release|Any CPU.ActiveCfg = Release|x86
		{87C988B6-4639-4943-BB84-16C292BBA242}.Release|Mixed Platforms.ActiveCfg = Release|x86
		{87C988B6-4639-4943-BB84-16C292BBA242}.Release|Mixed Platforms.Build.0 = Release|x86
		{87C988B6-4639-4943-BB84-16C292BBA242}.Release|x86.ActiveCfg = Release|x86
		{87C988B6-4639-4943-BB84-16C292BBA242}.Release|x86.Build.0 = Release|x86
	EndGlobalSection
	GlobalSection(SolutionProperties) = preSolution
		HideSolutionNode = FALSE
	EndGlobalSection
EndGlobal
