
Microsoft Visual Studio Solution File, Format Version 11.00
# Visual Studio 2010
Project("{FAE04EC0-301F-11D3-BF4B-00C04F79EFBC}") = "FamousQuoteService", "FamousQuoteService\FamousQuoteService.csproj", "{C8672160-4D5C-4C51-A7A0-5E6A5A0D7E96}"
EndProject
Project("{FAE04EC0-301F-11D3-BF4B-00C04F79EFBC}") = "FamousQuoteHost", "FamousQuoteHost\FamousQuoteHost.csproj", "{3860EF08-00CA-4748-9AA1-631FBD7218BF}"
EndProject
Project("{FAE04EC0-301F-11D3-BF4B-00C04F79EFBC}") = "FamousQuote.Tests", "FamousQuote.Tests\FamousQuote.Tests.csproj", "{1F71A3C8-A043-4421-A9BE-EB2BDF544289}"
EndProject
Global
	GlobalSection(SolutionConfigurationPlatforms) = preSolution
		Debug|Any CPU = Debug|Any CPU
		Debug|Mixed Platforms = Debug|Mixed Platforms
		Debug|x86 = Debug|x86
		Release|Any CPU = Release|Any CPU
		Release|Mixed Platforms = Release|Mixed Platforms
		Release|x86 = Release|x86
	EndGlobalSection
	GlobalSection(ProjectConfigurationPlatforms) = postSolution
		{C8672160-4D5C-4C51-A7A0-5E6A5A0D7E96}.Debug|Any CPU.ActiveCfg = Debug|Any CPU
		{C8672160-4D5C-4C51-A7A0-5E6A5A0D7E96}.Debug|Any CPU.Build.0 = Debug|Any CPU
		{C8672160-4D5C-4C51-A7A0-5E6A5A0D7E96}.Debug|Mixed Platforms.ActiveCfg = Debug|Any CPU
		{C8672160-4D5C-4C51-A7A0-5E6A5A0D7E96}.Debug|Mixed Platforms.Build.0 = Debug|Any CPU
		{C8672160-4D5C-4C51-A7A0-5E6A5A0D7E96}.Debug|x86.ActiveCfg = Debug|Any CPU
		{C8672160-4D5C-4C51-A7A0-5E6A5A0D7E96}.Release|Any CPU.ActiveCfg = Release|Any CPU
		{C8672160-4D5C-4C51-A7A0-5E6A5A0D7E96}.Release|Any CPU.Build.0 = Release|Any CPU
		{C8672160-4D5C-4C51-A7A0-5E6A5A0D7E96}.Release|Mixed Platforms.ActiveCfg = Release|Any CPU
		{C8672160-4D5C-4C51-A7A0-5E6A5A0D7E96}.Release|Mixed Platforms.Build.0 = Release|Any CPU
		{C8672160-4D5C-4C51-A7A0-5E6A5A0D7E96}.Release|x86.ActiveCfg = Release|Any CPU
		{3860EF08-00CA-4748-9AA1-631FBD7218BF}.Debug|Any CPU.ActiveCfg = Debug|x86
		{3860EF08-00CA-4748-9AA1-631FBD7218BF}.Debug|Mixed Platforms.ActiveCfg = Debug|x86
		{3860EF08-00CA-4748-9AA1-631FBD7218BF}.Debug|Mixed Platforms.Build.0 = Debug|x86
		{3860EF08-00CA-4748-9AA1-631FBD7218BF}.Debug|x86.ActiveCfg = Debug|x86
		{3860EF08-00CA-4748-9AA1-631FBD7218BF}.Debug|x86.Build.0 = Debug|x86
		{3860EF08-00CA-4748-9AA1-631FBD7218BF}.Release|Any CPU.ActiveCfg = Release|x86
		{3860EF08-00CA-4748-9AA1-631FBD7218BF}.Release|Mixed Platforms.ActiveCfg = Release|x86
		{3860EF08-00CA-4748-9AA1-631FBD7218BF}.Release|Mixed Platforms.Build.0 = Release|x86
		{3860EF08-00CA-4748-9AA1-631FBD7218BF}.Release|x86.ActiveCfg = Release|x86
		{3860EF08-00CA-4748-9AA1-631FBD7218BF}.Release|x86.Build.0 = Release|x86
		{1F71A3C8-A043-4421-A9BE-EB2BDF544289}.Debug|Any CPU.ActiveCfg = Debug|Any CPU
		{1F71A3C8-A043-4421-A9BE-EB2BDF544289}.Debug|Any CPU.Build.0 = Debug|Any CPU
		{1F71A3C8-A043-4421-A9BE-EB2BDF544289}.Debug|Mixed Platforms.ActiveCfg = Debug|Any CPU
		{1F71A3C8-A043-4421-A9BE-EB2BDF544289}.Debug|Mixed Platforms.Build.0 = Debug|Any CPU
		{1F71A3C8-A043-4421-A9BE-EB2BDF544289}.Debug|x86.ActiveCfg = Debug|Any CPU
		{1F71A3C8-A043-4421-A9BE-EB2BDF544289}.Release|Any CPU.ActiveCfg = Release|Any CPU
		{1F71A3C8-A043-4421-A9BE-EB2BDF544289}.Release|Any CPU.Build.0 = Release|Any CPU
		{1F71A3C8-A043-4421-A9BE-EB2BDF544289}.Release|Mixed Platforms.ActiveCfg = Release|Any CPU
		{1F71A3C8-A043-4421-A9BE-EB2BDF544289}.Release|Mixed Platforms.Build.0 = Release|Any CPU
		{1F71A3C8-A043-4421-A9BE-EB2BDF544289}.Release|x86.ActiveCfg = Release|Any CPU
	EndGlobalSection
	GlobalSection(SolutionProperties) = preSolution
		HideSolutionNode = FALSE
	EndGlobalSection
EndGlobal
