
Microsoft Visual Studio Solution File, Format Version 12.00
# Visual Studio 15
VisualStudioVersion = 15.0.28010.2026
MinimumVisualStudioVersion = 10.0.40219.1
Project("{FAE04EC0-301F-11D3-BF4B-00C04F79EFBC}") = "HugeInt.Tests", "HugeInt.Tests.csproj", "{4FEFC08A-D71C-45A4-9CA8-5E23DA360755}"
EndProject
Global
	GlobalSection(SolutionConfigurationPlatforms) = preSolution
		Debug|Any CPU = Debug|Any CPU
		Release|Any CPU = Release|Any CPU
	EndGlobalSection
	GlobalSection(ProjectConfigurationPlatforms) = postSolution
		{4FEFC08A-D71C-45A4-9CA8-5E23DA360755}.Debug|Any CPU.ActiveCfg = Debug|Any CPU
		{4FEFC08A-D71C-45A4-9CA8-5E23DA360755}.Debug|Any CPU.Build.0 = Debug|Any CPU
		{4FEFC08A-D71C-45A4-9CA8-5E23DA360755}.Release|Any CPU.ActiveCfg = Release|Any CPU
		{4FEFC08A-D71C-45A4-9CA8-5E23DA360755}.Release|Any CPU.Build.0 = Release|Any CPU
	EndGlobalSection
	GlobalSection(SolutionProperties) = preSolution
		HideSolutionNode = FALSE
	EndGlobalSection
	GlobalSection(ExtensibilityGlobals) = postSolution
		SolutionGuid = {A8F1501B-1E59-4E72-8800-E115413DB2DF}
	EndGlobalSection
EndGlobal
