
Microsoft Visual Studio Solution File, Format Version 12.00
# Visual Studio 2012
Project("{FAE04EC0-301F-11D3-BF4B-00C04F79EFBC}") = "HelloWorld.Console", "HelloWorld.Console\HelloWorld.Console.csproj", "{BAD9D8B4-A505-4126-9276-BA90884C9613}"
EndProject
Project("{FAE04EC0-301F-11D3-BF4B-00C04F79EFBC}") = "HelloWorld.WinForms", "HelloWorld.WinForms\HelloWorld.WinForms.csproj", "{4647B17D-3FE6-4A64-9D78-9F2655952AD9}"
EndProject
Project("{FAE04EC0-301F-11D3-BF4B-00C04F79EFBC}") = "HelloWorld.WPF", "HelloWorld.WPF\HelloWorld.WPF.csproj", "{6DCDBBB3-2E95-45CA-880E-E32003B18EDD}"
EndProject
Global
	GlobalSection(SolutionConfigurationPlatforms) = preSolution
		Debug|Any CPU = Debug|Any CPU
		Release|Any CPU = Release|Any CPU
	EndGlobalSection
	GlobalSection(ProjectConfigurationPlatforms) = postSolution
		{4647B17D-3FE6-4A64-9D78-9F2655952AD9}.Debug|Any CPU.ActiveCfg = Debug|Any CPU
		{4647B17D-3FE6-4A64-9D78-9F2655952AD9}.Debug|Any CPU.Build.0 = Debug|Any CPU
		{4647B17D-3FE6-4A64-9D78-9F2655952AD9}.Release|Any CPU.ActiveCfg = Release|Any CPU
		{4647B17D-3FE6-4A64-9D78-9F2655952AD9}.Release|Any CPU.Build.0 = Release|Any CPU
		{6DCDBBB3-2E95-45CA-880E-E32003B18EDD}.Debug|Any CPU.ActiveCfg = Debug|Any CPU
		{6DCDBBB3-2E95-45CA-880E-E32003B18EDD}.Debug|Any CPU.Build.0 = Debug|Any CPU
		{6DCDBBB3-2E95-45CA-880E-E32003B18EDD}.Release|Any CPU.ActiveCfg = Release|Any CPU
		{6DCDBBB3-2E95-45CA-880E-E32003B18EDD}.Release|Any CPU.Build.0 = Release|Any CPU
		{BAD9D8B4-A505-4126-9276-BA90884C9613}.Debug|Any CPU.ActiveCfg = Debug|Any CPU
		{BAD9D8B4-A505-4126-9276-BA90884C9613}.Debug|Any CPU.Build.0 = Debug|Any CPU
		{BAD9D8B4-A505-4126-9276-BA90884C9613}.Release|Any CPU.ActiveCfg = Release|Any CPU
		{BAD9D8B4-A505-4126-9276-BA90884C9613}.Release|Any CPU.Build.0 = Release|Any CPU
	EndGlobalSection
	GlobalSection(SolutionProperties) = preSolution
		HideSolutionNode = FALSE
	EndGlobalSection
EndGlobal
