
Microsoft Visual Studio Solution File, Format Version 11.00
# Visual Studio 2010
Project("{FAE04EC0-301F-11D3-BF4B-00C04F79EFBC}") = "EventWaitHandle", "EventWaitHandle\EventWaitHandle.csproj", "{F24DDB43-BA5D-4219-AA38-65F06282DA01}"
EndProject
Project("{2150E333-8FDC-42A3-9474-1A3956D46DE8}") = "Solution Items", "Solution Items", "{AE1CE658-93F3-4F85-BE2E-FE79A61C1CD8}"
	ProjectSection(SolutionItems) = preProject
		Readme.txt = Readme.txt
	EndProjectSection
EndProject
Global
	GlobalSection(SolutionConfigurationPlatforms) = preSolution
		Debug|x86 = Debug|x86
		Release|x86 = Release|x86
	EndGlobalSection
	GlobalSection(ProjectConfigurationPlatforms) = postSolution
		{F24DDB43-BA5D-4219-AA38-65F06282DA01}.Debug|x86.ActiveCfg = Debug|x86
		{F24DDB43-BA5D-4219-AA38-65F06282DA01}.Debug|x86.Build.0 = Debug|x86
		{F24DDB43-BA5D-4219-AA38-65F06282DA01}.Release|x86.ActiveCfg = Release|x86
		{F24DDB43-BA5D-4219-AA38-65F06282DA01}.Release|x86.Build.0 = Release|x86
	EndGlobalSection
	GlobalSection(SolutionProperties) = preSolution
		HideSolutionNode = FALSE
	EndGlobalSection
EndGlobal
