
Microsoft Visual Studio Solution File, Format Version 11.00
# Visual Studio 2010
Project("{FAE04EC0-301F-11D3-BF4B-00C04F79EFBC}") = "01-FiguresDemo-NonVirtual", "01-FiguresDemo-NonVirtual\01-FiguresDemo-NonVirtual.csproj", "{511781DA-6080-4BC3-8EFA-7C92DC66C1B6}"
EndProject
Project("{FAE04EC0-301F-11D3-BF4B-00C04F79EFBC}") = "02-FiguresDemo-Virtual", "02-FiguresDemo-Virtual\02-FiguresDemo-Virtual.csproj", "{F329B57C-6D83-4D4B-9E82-ACF89D49CFE3}"
EndProject
Project("{FAE04EC0-301F-11D3-BF4B-00C04F79EFBC}") = "03-FiguresDemo-Absract", "03-FiguresDemo-Absract\03-FiguresDemo-Absract.csproj", "{9946CE75-10F5-4E61-9E79-FEA9039B1548}"
EndProject
Project("{FAE04EC0-301F-11D3-BF4B-00C04F79EFBC}") = "04-FiguresDemo-ToString", "04-FiguresDemo-ToString\04-FiguresDemo-ToString.csproj", "{EDDBB04F-E8BB-4C79-AFB4-24D616EFAA5D}"
EndProject
Project("{FAE04EC0-301F-11D3-BF4B-00C04F79EFBC}") = "05-FiguresDemo-Interface", "05-FiguresDemo-Interface\05-FiguresDemo-Interface.csproj", "{7DCD9DE9-BDC2-4C34-9F39-684842F88EFC}"
EndProject
Project("{FAE04EC0-301F-11D3-BF4B-00C04F79EFBC}") = "06-IComparable", "06-IComparable\06-IComparable.csproj", "{49ED1FB5-2870-45B8-8DA5-67BC7C4A9F1B}"
EndProject
Global
	GlobalSection(SolutionConfigurationPlatforms) = preSolution
		Debug|Any CPU = Debug|Any CPU
		Debug|Mixed Platforms = Debug|Mixed Platforms
		Debug|x86 = Debug|x86
		Release|Any CPU = Release|Any CPU
		Release|Mixed Platforms = Release|Mixed Platforms
		Release|x86 = Release|x86
	EndGlobalSection
	GlobalSection(ProjectConfigurationPlatforms) = postSolution
		{511781DA-6080-4BC3-8EFA-7C92DC66C1B6}.Debug|Any CPU.ActiveCfg = Debug|Any CPU
		{511781DA-6080-4BC3-8EFA-7C92DC66C1B6}.Debug|Any CPU.Build.0 = Debug|Any CPU
		{511781DA-6080-4BC3-8EFA-7C92DC66C1B6}.Debug|Mixed Platforms.ActiveCfg = Debug|Any CPU
		{511781DA-6080-4BC3-8EFA-7C92DC66C1B6}.Debug|Mixed Platforms.Build.0 = Debug|Any CPU
		{511781DA-6080-4BC3-8EFA-7C92DC66C1B6}.Debug|x86.ActiveCfg = Debug|Any CPU
		{511781DA-6080-4BC3-8EFA-7C92DC66C1B6}.Release|Any CPU.ActiveCfg = Release|Any CPU
		{511781DA-6080-4BC3-8EFA-7C92DC66C1B6}.Release|Any CPU.Build.0 = Release|Any CPU
		{511781DA-6080-4BC3-8EFA-7C92DC66C1B6}.Release|Mixed Platforms.ActiveCfg = Release|Any CPU
		{511781DA-6080-4BC3-8EFA-7C92DC66C1B6}.Release|Mixed Platforms.Build.0 = Release|Any CPU
		{511781DA-6080-4BC3-8EFA-7C92DC66C1B6}.Release|x86.ActiveCfg = Release|Any CPU
		{F329B57C-6D83-4D4B-9E82-ACF89D49CFE3}.Debug|Any CPU.ActiveCfg = Debug|x86
		{F329B57C-6D83-4D4B-9E82-ACF89D49CFE3}.Debug|Mixed Platforms.ActiveCfg = Debug|x86
		{F329B57C-6D83-4D4B-9E82-ACF89D49CFE3}.Debug|Mixed Platforms.Build.0 = Debug|x86
		{F329B57C-6D83-4D4B-9E82-ACF89D49CFE3}.Debug|x86.ActiveCfg = Debug|x86
		{F329B57C-6D83-4D4B-9E82-ACF89D49CFE3}.Debug|x86.Build.0 = Debug|x86
		{F329B57C-6D83-4D4B-9E82-ACF89D49CFE3}.Release|Any CPU.ActiveCfg = Release|x86
		{F329B57C-6D83-4D4B-9E82-ACF89D49CFE3}.Release|Mixed Platforms.ActiveCfg = Release|x86
		{F329B57C-6D83-4D4B-9E82-ACF89D49CFE3}.Release|Mixed Platforms.Build.0 = Release|x86
		{F329B57C-6D83-4D4B-9E82-ACF89D49CFE3}.Release|x86.ActiveCfg = Release|x86
		{F329B57C-6D83-4D4B-9E82-ACF89D49CFE3}.Release|x86.Build.0 = Release|x86
		{9946CE75-10F5-4E61-9E79-FEA9039B1548}.Debug|Any CPU.ActiveCfg = Debug|x86
		{9946CE75-10F5-4E61-9E79-FEA9039B1548}.Debug|Mixed Platforms.ActiveCfg = Debug|x86
		{9946CE75-10F5-4E61-9E79-FEA9039B1548}.Debug|Mixed Platforms.Build.0 = Debug|x86
		{9946CE75-10F5-4E61-9E79-FEA9039B1548}.Debug|x86.ActiveCfg = Debug|x86
		{9946CE75-10F5-4E61-9E79-FEA9039B1548}.Debug|x86.Build.0 = Debug|x86
		{9946CE75-10F5-4E61-9E79-FEA9039B1548}.Release|Any CPU.ActiveCfg = Release|x86
		{9946CE75-10F5-4E61-9E79-FEA9039B1548}.Release|Mixed Platforms.ActiveCfg = Release|x86
		{9946CE75-10F5-4E61-9E79-FEA9039B1548}.Release|Mixed Platforms.Build.0 = Release|x86
		{9946CE75-10F5-4E61-9E79-FEA9039B1548}.Release|x86.ActiveCfg = Release|x86
		{9946CE75-10F5-4E61-9E79-FEA9039B1548}.Release|x86.Build.0 = Release|x86
		{EDDBB04F-E8BB-4C79-AFB4-24D616EFAA5D}.Debug|Any CPU.ActiveCfg = Debug|x86
		{EDDBB04F-E8BB-4C79-AFB4-24D616EFAA5D}.Debug|Mixed Platforms.ActiveCfg = Debug|x86
		{EDDBB04F-E8BB-4C79-AFB4-24D616EFAA5D}.Debug|Mixed Platforms.Build.0 = Debug|x86
		{EDDBB04F-E8BB-4C79-AFB4-24D616EFAA5D}.Debug|x86.ActiveCfg = Debug|x86
		{EDDBB04F-E8BB-4C79-AFB4-24D616EFAA5D}.Debug|x86.Build.0 = Debug|x86
		{EDDBB04F-E8BB-4C79-AFB4-24D616EFAA5D}.Release|Any CPU.ActiveCfg = Release|x86
		{EDDBB04F-E8BB-4C79-AFB4-24D616EFAA5D}.Release|Mixed Platforms.ActiveCfg = Release|x86
		{EDDBB04F-E8BB-4C79-AFB4-24D616EFAA5D}.Release|Mixed Platforms.Build.0 = Release|x86
		{EDDBB04F-E8BB-4C79-AFB4-24D616EFAA5D}.Release|x86.ActiveCfg = Release|x86
		{EDDBB04F-E8BB-4C79-AFB4-24D616EFAA5D}.Release|x86.Build.0 = Release|x86
		{7DCD9DE9-BDC2-4C34-9F39-684842F88EFC}.Debug|Any CPU.ActiveCfg = Debug|x86
		{7DCD9DE9-BDC2-4C34-9F39-684842F88EFC}.Debug|Mixed Platforms.ActiveCfg = Debug|x86
		{7DCD9DE9-BDC2-4C34-9F39-684842F88EFC}.Debug|Mixed Platforms.Build.0 = Debug|x86
		{7DCD9DE9-BDC2-4C34-9F39-684842F88EFC}.Debug|x86.ActiveCfg = Debug|x86
		{7DCD9DE9-BDC2-4C34-9F39-684842F88EFC}.Debug|x86.Build.0 = Debug|x86
		{7DCD9DE9-BDC2-4C34-9F39-684842F88EFC}.Release|Any CPU.ActiveCfg = Release|x86
		{7DCD9DE9-BDC2-4C34-9F39-684842F88EFC}.Release|Mixed Platforms.ActiveCfg = Release|x86
		{7DCD9DE9-BDC2-4C34-9F39-684842F88EFC}.Release|Mixed Platforms.Build.0 = Release|x86
		{7DCD9DE9-BDC2-4C34-9F39-684842F88EFC}.Release|x86.ActiveCfg = Release|x86
		{7DCD9DE9-BDC2-4C34-9F39-684842F88EFC}.Release|x86.Build.0 = Release|x86
		{49ED1FB5-2870-45B8-8DA5-67BC7C4A9F1B}.Debug|Any CPU.ActiveCfg = Debug|x86
		{49ED1FB5-2870-45B8-8DA5-67BC7C4A9F1B}.Debug|Mixed Platforms.ActiveCfg = Debug|x86
		{49ED1FB5-2870-45B8-8DA5-67BC7C4A9F1B}.Debug|Mixed Platforms.Build.0 = Debug|x86
		{49ED1FB5-2870-45B8-8DA5-67BC7C4A9F1B}.Debug|x86.ActiveCfg = Debug|x86
		{49ED1FB5-2870-45B8-8DA5-67BC7C4A9F1B}.Debug|x86.Build.0 = Debug|x86
		{49ED1FB5-2870-45B8-8DA5-67BC7C4A9F1B}.Release|Any CPU.ActiveCfg = Release|x86
		{49ED1FB5-2870-45B8-8DA5-67BC7C4A9F1B}.Release|Mixed Platforms.ActiveCfg = Release|x86
		{49ED1FB5-2870-45B8-8DA5-67BC7C4A9F1B}.Release|Mixed Platforms.Build.0 = Release|x86
		{49ED1FB5-2870-45B8-8DA5-67BC7C4A9F1B}.Release|x86.ActiveCfg = Release|x86
		{49ED1FB5-2870-45B8-8DA5-67BC7C4A9F1B}.Release|x86.Build.0 = Release|x86
	EndGlobalSection
	GlobalSection(SolutionProperties) = preSolution
		HideSolutionNode = FALSE
	EndGlobalSection
EndGlobal
