
Microsoft Visual Studio Solution File, Format Version 11.00
# Visual Studio 2010
Project("{FAE04EC0-301F-11D3-BF4B-00C04F79EFBC}") = "Vector.Console", "Vector.Console\Vector.Console.csproj", "{DC5C251D-CF29-4C04-96C3-C64264618E1F}"
EndProject
Project("{FAE04EC0-301F-11D3-BF4B-00C04F79EFBC}") = "MyVector", "MyVector\MyVector.csproj", "{B54A2F80-0525-427D-9EDA-00D5402CE9A7}"
EndProject
Project("{FAE04EC0-301F-11D3-BF4B-00C04F79EFBC}") = "Vector.UnitTests", "Vector.UnitTests\Vector.UnitTests.csproj", "{12064F6D-5CA7-4AA0-9346-39F39C1DA788}"
EndProject
Project("{2150E333-8FDC-42A3-9474-1A3956D46DE8}") = "Solution Items", "Solution Items", "{3FED012B-3D0C-428D-B281-E6382C48E6D6}"
	ProjectSection(SolutionItems) = preProject
		L02-S01-Vector.vsmdi = L02-S01-Vector.vsmdi
		Local.testsettings = Local.testsettings
		TraceAndTestImpact.testsettings = TraceAndTestImpact.testsettings
	EndProjectSection
EndProject
Global
	GlobalSection(TestCaseManagementSettings) = postSolution
		CategoryFile = L02-S01-Vector.vsmdi
	EndGlobalSection
	GlobalSection(SolutionConfigurationPlatforms) = preSolution
		Debug|Any CPU = Debug|Any CPU
		Release|Any CPU = Release|Any CPU
	EndGlobalSection
	GlobalSection(ProjectConfigurationPlatforms) = postSolution
		{DC5C251D-CF29-4C04-96C3-C64264618E1F}.Debug|Any CPU.ActiveCfg = Debug|Any CPU
		{DC5C251D-CF29-4C04-96C3-C64264618E1F}.Debug|Any CPU.Build.0 = Debug|Any CPU
		{DC5C251D-CF29-4C04-96C3-C64264618E1F}.Release|Any CPU.ActiveCfg = Release|Any CPU
		{DC5C251D-CF29-4C04-96C3-C64264618E1F}.Release|Any CPU.Build.0 = Release|Any CPU
		{B54A2F80-0525-427D-9EDA-00D5402CE9A7}.Debug|Any CPU.ActiveCfg = Debug|Any CPU
		{B54A2F80-0525-427D-9EDA-00D5402CE9A7}.Debug|Any CPU.Build.0 = Debug|Any CPU
		{B54A2F80-0525-427D-9EDA-00D5402CE9A7}.Release|Any CPU.ActiveCfg = Release|Any CPU
		{B54A2F80-0525-427D-9EDA-00D5402CE9A7}.Release|Any CPU.Build.0 = Release|Any CPU
		{12064F6D-5CA7-4AA0-9346-39F39C1DA788}.Debug|Any CPU.ActiveCfg = Debug|Any CPU
		{12064F6D-5CA7-4AA0-9346-39F39C1DA788}.Debug|Any CPU.Build.0 = Debug|Any CPU
		{12064F6D-5CA7-4AA0-9346-39F39C1DA788}.Release|Any CPU.ActiveCfg = Release|Any CPU
		{12064F6D-5CA7-4AA0-9346-39F39C1DA788}.Release|Any CPU.Build.0 = Release|Any CPU
	EndGlobalSection
	GlobalSection(SolutionProperties) = preSolution
		HideSolutionNode = FALSE
	EndGlobalSection
EndGlobal
